{
    "version": 3,
    "terraform_version": "0.11.7",
    "serial": 3,
    "lineage": "6f52951d-3b90-9c70-e0f9-35db4941b7b3",
    "modules": [
        {
            "path": [
                "root"
            ],
            "outputs": {
                "bastion_lc_id": {
                    "sensitive": false,
                    "type": "string",
                    "value": "jyoti-bhanot-jumphost-lc-20180719194612661200000001"
                },
                "bastion_sg_id": {
                    "sensitive": false,
                    "type": "string",
                    "value": "sg-5aea4326"
                },
                "elb-webelb-public-dns": {
                    "sensitive": false,
                    "type": "string",
                    "value": "jyoti-bhanot-elb-webelb-393507561.eu-west-1.elb.amazonaws.com"
                },
                "elb-webelb-sg-id": {
                    "sensitive": false,
                    "type": "string",
                    "value": "sg-ff17b983"
                },
                "igw_id": {
                    "sensitive": false,
                    "type": "string",
                    "value": "igw-6ee5ae09"
                },
                "nat_gateway_ids": {
                    "sensitive": false,
                    "type": "string",
                    "value": "nat-000db5aac191d5f8f,nat-0d8b07eda219a46bd"
                },
                "private_subnets": {
                    "sensitive": false,
                    "type": "string",
                    "value": "subnet-a963fbe1,subnet-690cc633"
                },
                "private_subnets_rt_ids": {
                    "sensitive": false,
                    "type": "string",
                    "value": "rtb-4e430637,rtb-b24207cb"
                },
                "public_subnets": {
                    "sensitive": false,
                    "type": "string",
                    "value": "subnet-8f1c84c7,subnet-e006ccba"
                },
                "public_subnets_rt_id": {
                    "sensitive": false,
                    "type": "string",
                    "value": "rtb-ea430693"
                },
                "vpc_cidr": {
                    "sensitive": false,
                    "type": "string",
                    "value": "10.0.0.0/16"
                },
                "vpc_id": {
                    "sensitive": false,
                    "type": "string",
                    "value": "vpc-a20c51c4"
                },
                "vpc_zones": {
                    "sensitive": false,
                    "type": "string",
                    "value": "eu-west-1a,eu-west-1b,eu-west-1c"
                },
                "webserver_instance_id": {
                    "sensitive": false,
                    "type": "string",
                    "value": "i-0b8088e7530a1da54"
                },
                "webserver_sg_id": {
                    "sensitive": false,
                    "type": "string",
                    "value": "sg-b613bdca"
                }
            },
            "resources": {
                "data.aws_ami.ubuntu-trusty": {
                    "type": "aws_ami",
                    "depends_on": [],
                    "primary": {
                        "id": "ami-06e2f6ec",
                        "attributes": {
                            "architecture": "x86_64",
                            "block_device_mappings.#": "3",
                            "block_device_mappings.1634610537.device_name": "/dev/sdb",
                            "block_device_mappings.1634610537.ebs.%": "0",
                            "block_device_mappings.1634610537.no_device": "",
                            "block_device_mappings.1634610537.virtual_name": "ephemeral0",
                            "block_device_mappings.2547816212.device_name": "/dev/sda1",
                            "block_device_mappings.2547816212.ebs.%": "6",
                            "block_device_mappings.2547816212.ebs.delete_on_termination": "true",
                            "block_device_mappings.2547816212.ebs.encrypted": "false",
                            "block_device_mappings.2547816212.ebs.iops": "0",
                            "block_device_mappings.2547816212.ebs.snapshot_id": "snap-0ee019f8ce1c47009",
                            "block_device_mappings.2547816212.ebs.volume_size": "8",
                            "block_device_mappings.2547816212.ebs.volume_type": "gp2",
                            "block_device_mappings.2547816212.no_device": "",
                            "block_device_mappings.2547816212.virtual_name": "",
                            "block_device_mappings.3850042718.device_name": "/dev/sdc",
                            "block_device_mappings.3850042718.ebs.%": "0",
                            "block_device_mappings.3850042718.no_device": "",
                            "block_device_mappings.3850042718.virtual_name": "ephemeral1",
                            "creation_date": "2018-07-04T10:06:05.000Z",
                            "description": "Canonical, Ubuntu, 14.04 LTS, amd64 trusty image build on 2018-07-03",
                            "filter.#": "2",
                            "filter.4182425345.name": "name",
                            "filter.4182425345.values.#": "1",
                            "filter.4182425345.values.0": "ubuntu/images/hvm-ssd/ubuntu-trusty-14.04-amd64-server-*",
                            "filter.490168357.name": "virtualization-type",
                            "filter.490168357.values.#": "1",
                            "filter.490168357.values.0": "hvm",
                            "hypervisor": "xen",
                            "id": "ami-06e2f6ec",
                            "image_id": "ami-06e2f6ec",
                            "image_location": "099720109477/ubuntu/images/hvm-ssd/ubuntu-trusty-14.04-amd64-server-20180703",
                            "image_type": "machine",
                            "most_recent": "true",
                            "name": "ubuntu/images/hvm-ssd/ubuntu-trusty-14.04-amd64-server-20180703",
                            "owner_id": "099720109477",
                            "owners.#": "1",
                            "owners.0": "099720109477",
                            "product_codes.#": "0",
                            "public": "true",
                            "root_device_name": "/dev/sda1",
                            "root_device_type": "ebs",
                            "root_snapshot_id": "snap-0ee019f8ce1c47009",
                            "sriov_net_support": "simple",
                            "state": "available",
                            "state_reason.%": "2",
                            "state_reason.code": "UNSET",
                            "state_reason.message": "UNSET",
                            "tags.%": "0",
                            "virtualization_type": "hvm"
                        },
                        "meta": {},
                        "tainted": false
                    },
                    "deposed": [],
                    "provider": "provider.aws"
                },
                "data.aws_ami.ubuntu-xenial": {
                    "type": "aws_ami",
                    "depends_on": [],
                    "primary": {
                        "id": "ami-2a7d75c0",
                        "attributes": {
                            "architecture": "x86_64",
                            "block_device_mappings.#": "3",
                            "block_device_mappings.1634610537.device_name": "/dev/sdb",
                            "block_device_mappings.1634610537.ebs.%": "0",
                            "block_device_mappings.1634610537.no_device": "",
                            "block_device_mappings.1634610537.virtual_name": "ephemeral0",
                            "block_device_mappings.2547816212.device_name": "/dev/sda1",
                            "block_device_mappings.2547816212.ebs.%": "6",
                            "block_device_mappings.2547816212.ebs.delete_on_termination": "true",
                            "block_device_mappings.2547816212.ebs.encrypted": "false",
                            "block_device_mappings.2547816212.ebs.iops": "0",
                            "block_device_mappings.2547816212.ebs.snapshot_id": "snap-0a584c00b1ec0ca08",
                            "block_device_mappings.2547816212.ebs.volume_size": "8",
                            "block_device_mappings.2547816212.ebs.volume_type": "gp2",
                            "block_device_mappings.2547816212.no_device": "",
                            "block_device_mappings.2547816212.virtual_name": "",
                            "block_device_mappings.3850042718.device_name": "/dev/sdc",
                            "block_device_mappings.3850042718.ebs.%": "0",
                            "block_device_mappings.3850042718.no_device": "",
                            "block_device_mappings.3850042718.virtual_name": "ephemeral1",
                            "creation_date": "2018-06-27T13:44:25.000Z",
                            "description": "Canonical, Ubuntu, 16.04 LTS, amd64 xenial image build on 2018-06-27",
                            "filter.#": "2",
                            "filter.1585153008.name": "name",
                            "filter.1585153008.values.#": "1",
                            "filter.1585153008.values.0": "ubuntu/images/hvm-ssd/ubuntu-xenial-16.04-amd64-server-*",
                            "filter.490168357.name": "virtualization-type",
                            "filter.490168357.values.#": "1",
                            "filter.490168357.values.0": "hvm",
                            "hypervisor": "xen",
                            "id": "ami-2a7d75c0",
                            "image_id": "ami-2a7d75c0",
                            "image_location": "099720109477/ubuntu/images/hvm-ssd/ubuntu-xenial-16.04-amd64-server-20180627",
                            "image_type": "machine",
                            "most_recent": "true",
                            "name": "ubuntu/images/hvm-ssd/ubuntu-xenial-16.04-amd64-server-20180627",
                            "owner_id": "099720109477",
                            "owners.#": "1",
                            "owners.0": "099720109477",
                            "product_codes.#": "0",
                            "public": "true",
                            "root_device_name": "/dev/sda1",
                            "root_device_type": "ebs",
                            "root_snapshot_id": "snap-0a584c00b1ec0ca08",
                            "sriov_net_support": "simple",
                            "state": "available",
                            "state_reason.%": "2",
                            "state_reason.code": "UNSET",
                            "state_reason.message": "UNSET",
                            "tags.%": "0",
                            "virtualization_type": "hvm"
                        },
                        "meta": {},
                        "tainted": false
                    },
                    "deposed": [],
                    "provider": "provider.aws"
                },
                "data.aws_availability_zones.available": {
                    "type": "aws_availability_zones",
                    "depends_on": [],
                    "primary": {
                        "id": "2018-07-19 19:44:45.263040125 +0000 UTC",
                        "attributes": {
                            "id": "2018-07-19 19:44:45.263040125 +0000 UTC",
                            "names.#": "3",
                            "names.0": "eu-west-1a",
                            "names.1": "eu-west-1b",
                            "names.2": "eu-west-1c"
                        },
                        "meta": {},
                        "tainted": false
                    },
                    "deposed": [],
                    "provider": "provider.aws"
                },
                "data.aws_caller_identity.current": {
                    "type": "aws_caller_identity",
                    "depends_on": [],
                    "primary": {
                        "id": "2018-07-19 19:44:46.274665542 +0000 UTC",
                        "attributes": {
                            "account_id": "060948813048",
                            "arn": "arn:aws:iam::060948813048:user/jyoti.bhanot",
                            "id": "2018-07-19 19:44:46.274665542 +0000 UTC",
                            "user_id": "AIDAJPUNILUUWZQG4RPHY"
                        },
                        "meta": {},
                        "tainted": false
                    },
                    "deposed": [],
                    "provider": "provider.aws"
                }
            },
            "depends_on": []
        },
        {
            "path": [
                "root",
                "bastion"
            ],
            "outputs": {
                "bastion_lc_id": {
                    "sensitive": false,
                    "type": "string",
                    "value": "jyoti-bhanot-jumphost-lc-20180719194612661200000001"
                },
                "bastion_sg_id": {
                    "sensitive": false,
                    "type": "string",
                    "value": "sg-5aea4326"
                }
            },
            "resources": {
                "aws_launch_configuration.jumphost": {
                    "type": "aws_launch_configuration",
                    "depends_on": [
                        "aws_security_group.jumphost",
                        "data.template_file.jumphost"
                    ],
                    "primary": {
                        "id": "jyoti-bhanot-jumphost-lc-20180719194612661200000001",
                        "attributes": {
                            "associate_public_ip_address": "true",
                            "ebs_block_device.#": "0",
                            "ebs_optimized": "false",
                            "enable_monitoring": "true",
                            "ephemeral_block_device.#": "0",
                            "iam_instance_profile": "",
                            "id": "jyoti-bhanot-jumphost-lc-20180719194612661200000001",
                            "image_id": "ami-2a7d75c0",
                            "instance_type": "t2.micro",
                            "key_name": "ec2key",
                            "name": "jyoti-bhanot-jumphost-lc-20180719194612661200000001",
                            "name_prefix": "jyoti-bhanot-jumphost-lc-",
                            "root_block_device.#": "0",
                            "security_groups.#": "1",
                            "security_groups.736874600": "sg-5aea4326",
                            "spot_price": "",
                            "user_data": "5aea283f87f8809ff4437fd5c8335899d60eb9f8",
                            "vpc_classic_link_id": "",
                            "vpc_classic_link_security_groups.#": "0"
                        },
                        "meta": {},
                        "tainted": false
                    },
                    "deposed": [],
                    "provider": "provider.aws"
                },
                "aws_security_group.jumphost": {
                    "type": "aws_security_group",
                    "depends_on": [],
                    "primary": {
                        "id": "sg-5aea4326",
                        "attributes": {
                            "arn": "arn:aws:ec2:eu-west-1:060948813048:security-group/sg-5aea4326",
                            "description": "Managed by Terraform",
                            "egress.#": "4",
                            "egress.1799340084.cidr_blocks.#": "1",
                            "egress.1799340084.cidr_blocks.0": "0.0.0.0/0",
                            "egress.1799340084.description": "",
                            "egress.1799340084.from_port": "-1",
                            "egress.1799340084.ipv6_cidr_blocks.#": "0",
                            "egress.1799340084.prefix_list_ids.#": "0",
                            "egress.1799340084.protocol": "icmp",
                            "egress.1799340084.security_groups.#": "0",
                            "egress.1799340084.self": "false",
                            "egress.1799340084.to_port": "-1",
                            "egress.2214680975.cidr_blocks.#": "1",
                            "egress.2214680975.cidr_blocks.0": "0.0.0.0/0",
                            "egress.2214680975.description": "",
                            "egress.2214680975.from_port": "80",
                            "egress.2214680975.ipv6_cidr_blocks.#": "0",
                            "egress.2214680975.prefix_list_ids.#": "0",
                            "egress.2214680975.protocol": "tcp",
                            "egress.2214680975.security_groups.#": "0",
                            "egress.2214680975.self": "false",
                            "egress.2214680975.to_port": "80",
                            "egress.2541437006.cidr_blocks.#": "1",
                            "egress.2541437006.cidr_blocks.0": "0.0.0.0/0",
                            "egress.2541437006.description": "",
                            "egress.2541437006.from_port": "22",
                            "egress.2541437006.ipv6_cidr_blocks.#": "0",
                            "egress.2541437006.prefix_list_ids.#": "0",
                            "egress.2541437006.protocol": "tcp",
                            "egress.2541437006.security_groups.#": "0",
                            "egress.2541437006.self": "false",
                            "egress.2541437006.to_port": "22",
                            "egress.2617001939.cidr_blocks.#": "1",
                            "egress.2617001939.cidr_blocks.0": "0.0.0.0/0",
                            "egress.2617001939.description": "",
                            "egress.2617001939.from_port": "443",
                            "egress.2617001939.ipv6_cidr_blocks.#": "0",
                            "egress.2617001939.prefix_list_ids.#": "0",
                            "egress.2617001939.protocol": "tcp",
                            "egress.2617001939.security_groups.#": "0",
                            "egress.2617001939.self": "false",
                            "egress.2617001939.to_port": "443",
                            "id": "sg-5aea4326",
                            "ingress.#": "2",
                            "ingress.1799340084.cidr_blocks.#": "1",
                            "ingress.1799340084.cidr_blocks.0": "0.0.0.0/0",
                            "ingress.1799340084.description": "",
                            "ingress.1799340084.from_port": "-1",
                            "ingress.1799340084.ipv6_cidr_blocks.#": "0",
                            "ingress.1799340084.protocol": "icmp",
                            "ingress.1799340084.security_groups.#": "0",
                            "ingress.1799340084.self": "false",
                            "ingress.1799340084.to_port": "-1",
                            "ingress.2541437006.cidr_blocks.#": "1",
                            "ingress.2541437006.cidr_blocks.0": "0.0.0.0/0",
                            "ingress.2541437006.description": "",
                            "ingress.2541437006.from_port": "22",
                            "ingress.2541437006.ipv6_cidr_blocks.#": "0",
                            "ingress.2541437006.protocol": "tcp",
                            "ingress.2541437006.security_groups.#": "0",
                            "ingress.2541437006.self": "false",
                            "ingress.2541437006.to_port": "22",
                            "name": "jyoti-bhanot-jumphost",
                            "owner_id": "060948813048",
                            "revoke_rules_on_delete": "false",
                            "tags.%": "2",
                            "tags.Name": "jyoti-bhanot-jumphost-security-group",
                            "tags.sre_candidate": "jyoti-bhanot",
                            "vpc_id": "vpc-a20c51c4"
                        },
                        "meta": {
                            "e2bfb730-ecaa-11e6-8f88-34363bc7c4c0": {
                                "create": 600000000000,
                                "delete": 600000000000
                            },
                            "schema_version": "1"
                        },
                        "tainted": false
                    },
                    "deposed": [],
                    "provider": "provider.aws"
                },
                "data.template_file.jumphost": {
                    "type": "template_file",
                    "depends_on": [],
                    "primary": {
                        "id": "d5280e0ce4aca57dc585038cc531673e39f2484cb3ad3a8722a3aaa4c6678539",
                        "attributes": {
                            "id": "d5280e0ce4aca57dc585038cc531673e39f2484cb3ad3a8722a3aaa4c6678539",
                            "rendered": "#!/bin/bash -v\nset -ex\nsudo apt-get update -y \nsudo apt-get install python-minimal -y\nsudo apt-get install ansible -y\ngit clone https://github.com/jyotibhanot30/clusterstorm.git coding-challenge\n",
                            "template": "#!/bin/bash -v\nset -ex\nsudo apt-get update -y \nsudo apt-get install python-minimal -y\nsudo apt-get install ansible -y\ngit clone https://github.com/jyotibhanot30/clusterstorm.git coding-challenge\n"
                        },
                        "meta": {},
                        "tainted": false
                    },
                    "deposed": [],
                    "provider": "provider.template"
                }
            },
            "depends_on": []
        },
        {
            "path": [
                "root",
                "elb"
            ],
            "outputs": {
                "elb-webelb-public-dns": {
                    "sensitive": false,
                    "type": "string",
                    "value": "jyoti-bhanot-elb-webelb-393507561.eu-west-1.elb.amazonaws.com"
                },
                "elb-webelb-sg-id": {
                    "sensitive": false,
                    "type": "string",
                    "value": "sg-ff17b983"
                }
            },
            "resources": {
                "aws_elb.webelb": {
                    "type": "aws_elb",
                    "depends_on": [
                        "aws_security_group.elb"
                    ],
                    "primary": {
                        "id": "jyoti-bhanot-elb-webelb",
                        "attributes": {
                            "access_logs.#": "0",
                            "arn": "arn:aws:elasticloadbalancing:eu-west-1:060948813048:loadbalancer/jyoti-bhanot-elb-webelb",
                            "availability_zones.#": "2",
                            "availability_zones.1924028850": "eu-west-1b",
                            "availability_zones.3953592328": "eu-west-1a",
                            "connection_draining": "true",
                            "connection_draining_timeout": "300",
                            "cross_zone_load_balancing": "true",
                            "dns_name": "jyoti-bhanot-elb-webelb-393507561.eu-west-1.elb.amazonaws.com",
                            "health_check.#": "1",
                            "health_check.0.healthy_threshold": "2",
                            "health_check.0.interval": "10",
                            "health_check.0.target": "TCP:443",
                            "health_check.0.timeout": "5",
                            "health_check.0.unhealthy_threshold": "3",
                            "id": "jyoti-bhanot-elb-webelb",
                            "idle_timeout": "400",
                            "instances.#": "1",
                            "instances.3968368783": "i-0b8088e7530a1da54",
                            "internal": "false",
                            "listener.#": "2",
                            "listener.2974294026.instance_port": "80",
                            "listener.2974294026.instance_protocol": "tcp",
                            "listener.2974294026.lb_port": "80",
                            "listener.2974294026.lb_protocol": "tcp",
                            "listener.2974294026.ssl_certificate_id": "",
                            "listener.610193557.instance_port": "443",
                            "listener.610193557.instance_protocol": "tcp",
                            "listener.610193557.lb_port": "443",
                            "listener.610193557.lb_protocol": "tcp",
                            "listener.610193557.ssl_certificate_id": "",
                            "name": "jyoti-bhanot-elb-webelb",
                            "security_groups.#": "1",
                            "security_groups.2094900196": "sg-ff17b983",
                            "source_security_group": "060948813048/jyoti-bhanot-elb",
                            "source_security_group_id": "sg-ff17b983",
                            "subnets.#": "2",
                            "subnets.3093491724": "subnet-e006ccba",
                            "subnets.3808898206": "subnet-8f1c84c7",
                            "tags.%": "2",
                            "tags.Name": "jyoti-bhanot-elb-webelb",
                            "tags.Type": "elb",
                            "zone_id": "Z32O12XQLNTSW2"
                        },
                        "meta": {},
                        "tainted": false
                    },
                    "deposed": [],
                    "provider": "provider.aws"
                },
                "aws_security_group.elb": {
                    "type": "aws_security_group",
                    "depends_on": [],
                    "primary": {
                        "id": "sg-ff17b983",
                        "attributes": {
                            "arn": "arn:aws:ec2:eu-west-1:060948813048:security-group/sg-ff17b983",
                            "description": "Managed by Terraform",
                            "egress.#": "1",
                            "egress.482069346.cidr_blocks.#": "1",
                            "egress.482069346.cidr_blocks.0": "0.0.0.0/0",
                            "egress.482069346.description": "",
                            "egress.482069346.from_port": "0",
                            "egress.482069346.ipv6_cidr_blocks.#": "0",
                            "egress.482069346.prefix_list_ids.#": "0",
                            "egress.482069346.protocol": "-1",
                            "egress.482069346.security_groups.#": "0",
                            "egress.482069346.self": "false",
                            "egress.482069346.to_port": "0",
                            "id": "sg-ff17b983",
                            "ingress.#": "2",
                            "ingress.2214680975.cidr_blocks.#": "1",
                            "ingress.2214680975.cidr_blocks.0": "0.0.0.0/0",
                            "ingress.2214680975.description": "",
                            "ingress.2214680975.from_port": "80",
                            "ingress.2214680975.ipv6_cidr_blocks.#": "0",
                            "ingress.2214680975.protocol": "tcp",
                            "ingress.2214680975.security_groups.#": "0",
                            "ingress.2214680975.self": "false",
                            "ingress.2214680975.to_port": "80",
                            "ingress.2617001939.cidr_blocks.#": "1",
                            "ingress.2617001939.cidr_blocks.0": "0.0.0.0/0",
                            "ingress.2617001939.description": "",
                            "ingress.2617001939.from_port": "443",
                            "ingress.2617001939.ipv6_cidr_blocks.#": "0",
                            "ingress.2617001939.protocol": "tcp",
                            "ingress.2617001939.security_groups.#": "0",
                            "ingress.2617001939.self": "false",
                            "ingress.2617001939.to_port": "443",
                            "name": "jyoti-bhanot-elb",
                            "owner_id": "060948813048",
                            "revoke_rules_on_delete": "false",
                            "tags.%": "2",
                            "tags.Name": "jyoti-bhanot-elb-security-group",
                            "tags.sre_candidate": "jyoti-bhanot",
                            "vpc_id": "vpc-a20c51c4"
                        },
                        "meta": {
                            "e2bfb730-ecaa-11e6-8f88-34363bc7c4c0": {
                                "create": 600000000000,
                                "delete": 600000000000
                            },
                            "schema_version": "1"
                        },
                        "tainted": false
                    },
                    "deposed": [],
                    "provider": "provider.aws"
                }
            },
            "depends_on": []
        },
        {
            "path": [
                "root",
                "nat"
            ],
            "outputs": {
                "nat_gateway_ids": {
                    "sensitive": false,
                    "type": "list",
                    "value": [
                        "nat-000db5aac191d5f8f",
                        "nat-0d8b07eda219a46bd"
                    ]
                }
            },
            "resources": {
                "aws_eip.natgw.0": {
                    "type": "aws_eip",
                    "depends_on": [],
                    "primary": {
                        "id": "eipalloc-a80b5695",
                        "attributes": {
                            "association_id": "",
                            "domain": "vpc",
                            "id": "eipalloc-a80b5695",
                            "instance": "",
                            "network_interface": "",
                            "private_ip": "",
                            "public_ip": "52.50.129.112",
                            "tags.%": "0",
                            "vpc": "true"
                        },
                        "meta": {
                            "e2bfb730-ecaa-11e6-8f88-34363bc7c4c0": {
                                "delete": 180000000000,
                                "read": 900000000000,
                                "update": 300000000000
                            }
                        },
                        "tainted": false
                    },
                    "deposed": [],
                    "provider": "provider.aws"
                },
                "aws_eip.natgw.1": {
                    "type": "aws_eip",
                    "depends_on": [],
                    "primary": {
                        "id": "eipalloc-c30a57fe",
                        "attributes": {
                            "association_id": "",
                            "domain": "vpc",
                            "id": "eipalloc-c30a57fe",
                            "instance": "",
                            "network_interface": "",
                            "private_ip": "",
                            "public_ip": "52.51.165.150",
                            "tags.%": "0",
                            "vpc": "true"
                        },
                        "meta": {
                            "e2bfb730-ecaa-11e6-8f88-34363bc7c4c0": {
                                "delete": 180000000000,
                                "read": 900000000000,
                                "update": 300000000000
                            }
                        },
                        "tainted": false
                    },
                    "deposed": [],
                    "provider": "provider.aws"
                },
                "aws_nat_gateway.natgw.0": {
                    "type": "aws_nat_gateway",
                    "depends_on": [
                        "aws_eip.natgw.*"
                    ],
                    "primary": {
                        "id": "nat-000db5aac191d5f8f",
                        "attributes": {
                            "allocation_id": "eipalloc-a80b5695",
                            "id": "nat-000db5aac191d5f8f",
                            "network_interface_id": "eni-a5a50192",
                            "private_ip": "10.0.5.161",
                            "public_ip": "52.50.129.112",
                            "subnet_id": "subnet-8f1c84c7",
                            "tags.%": "0"
                        },
                        "meta": {},
                        "tainted": false
                    },
                    "deposed": [],
                    "provider": "provider.aws"
                },
                "aws_nat_gateway.natgw.1": {
                    "type": "aws_nat_gateway",
                    "depends_on": [
                        "aws_eip.natgw.*"
                    ],
                    "primary": {
                        "id": "nat-0d8b07eda219a46bd",
                        "attributes": {
                            "allocation_id": "eipalloc-c30a57fe",
                            "id": "nat-0d8b07eda219a46bd",
                            "network_interface_id": "eni-8ed79a88",
                            "private_ip": "10.0.26.130",
                            "public_ip": "52.51.165.150",
                            "subnet_id": "subnet-e006ccba",
                            "tags.%": "0"
                        },
                        "meta": {},
                        "tainted": false
                    },
                    "deposed": [],
                    "provider": "provider.aws"
                }
            },
            "depends_on": []
        },
        {
            "path": [
                "root",
                "private-subnets"
            ],
            "outputs": {
                "subnet_ids": {
                    "sensitive": false,
                    "type": "list",
                    "value": [
                        "subnet-a963fbe1",
                        "subnet-690cc633"
                    ]
                }
            },
            "resources": {
                "aws_subnet.aws-subnets.0": {
                    "type": "aws_subnet",
                    "depends_on": [],
                    "primary": {
                        "id": "subnet-a963fbe1",
                        "attributes": {
                            "assign_ipv6_address_on_creation": "false",
                            "availability_zone": "eu-west-1a",
                            "cidr_block": "10.0.32.0/20",
                            "id": "subnet-a963fbe1",
                            "map_public_ip_on_launch": "false",
                            "tags.%": "3",
                            "tags.Name": "jyoti-bhanot-private-subnet-0",
                            "tags.Network": "private",
                            "tags.sre_candidate": "jyoti-bhanot",
                            "vpc_id": "vpc-a20c51c4"
                        },
                        "meta": {
                            "schema_version": "1"
                        },
                        "tainted": false
                    },
                    "deposed": [],
                    "provider": "provider.aws"
                },
                "aws_subnet.aws-subnets.1": {
                    "type": "aws_subnet",
                    "depends_on": [],
                    "primary": {
                        "id": "subnet-690cc633",
                        "attributes": {
                            "assign_ipv6_address_on_creation": "false",
                            "availability_zone": "eu-west-1b",
                            "cidr_block": "10.0.48.0/20",
                            "id": "subnet-690cc633",
                            "map_public_ip_on_launch": "false",
                            "tags.%": "3",
                            "tags.Name": "jyoti-bhanot-private-subnet-1",
                            "tags.Network": "private",
                            "tags.sre_candidate": "jyoti-bhanot",
                            "vpc_id": "vpc-a20c51c4"
                        },
                        "meta": {
                            "schema_version": "1"
                        },
                        "tainted": false
                    },
                    "deposed": [],
                    "provider": "provider.aws"
                }
            },
            "depends_on": []
        },
        {
            "path": [
                "root",
                "private-subnets-rt"
            ],
            "outputs": {
                "private_subnets_rt_ids": {
                    "sensitive": false,
                    "type": "list",
                    "value": [
                        "rtb-4e430637",
                        "rtb-b24207cb"
                    ]
                }
            },
            "resources": {
                "aws_route_table.private-subnet.0": {
                    "type": "aws_route_table",
                    "depends_on": [],
                    "primary": {
                        "id": "rtb-4e430637",
                        "attributes": {
                            "id": "rtb-4e430637",
                            "propagating_vgws.#": "0",
                            "route.#": "1",
                            "route.2887552811.cidr_block": "0.0.0.0/0",
                            "route.2887552811.egress_only_gateway_id": "",
                            "route.2887552811.gateway_id": "",
                            "route.2887552811.instance_id": "",
                            "route.2887552811.ipv6_cidr_block": "",
                            "route.2887552811.nat_gateway_id": "nat-000db5aac191d5f8f",
                            "route.2887552811.network_interface_id": "",
                            "route.2887552811.vpc_peering_connection_id": "",
                            "tags.%": "2",
                            "tags.Name": "jyoti-bhanot-private-subnet-route-table",
                            "tags.sre_candidate": "jyoti-bhanot",
                            "vpc_id": "vpc-a20c51c4"
                        },
                        "meta": {},
                        "tainted": false
                    },
                    "deposed": [],
                    "provider": "provider.aws"
                },
                "aws_route_table.private-subnet.1": {
                    "type": "aws_route_table",
                    "depends_on": [],
                    "primary": {
                        "id": "rtb-b24207cb",
                        "attributes": {
                            "id": "rtb-b24207cb",
                            "propagating_vgws.#": "0",
                            "route.#": "1",
                            "route.2948736197.cidr_block": "0.0.0.0/0",
                            "route.2948736197.egress_only_gateway_id": "",
                            "route.2948736197.gateway_id": "",
                            "route.2948736197.instance_id": "",
                            "route.2948736197.ipv6_cidr_block": "",
                            "route.2948736197.nat_gateway_id": "nat-0d8b07eda219a46bd",
                            "route.2948736197.network_interface_id": "",
                            "route.2948736197.vpc_peering_connection_id": "",
                            "tags.%": "2",
                            "tags.Name": "jyoti-bhanot-private-subnet-route-table",
                            "tags.sre_candidate": "jyoti-bhanot",
                            "vpc_id": "vpc-a20c51c4"
                        },
                        "meta": {},
                        "tainted": false
                    },
                    "deposed": [],
                    "provider": "provider.aws"
                },
                "aws_route_table_association.private-subnet.0": {
                    "type": "aws_route_table_association",
                    "depends_on": [
                        "aws_route_table.private-subnet.*"
                    ],
                    "primary": {
                        "id": "rtbassoc-6b7bb910",
                        "attributes": {
                            "id": "rtbassoc-6b7bb910",
                            "route_table_id": "rtb-4e430637",
                            "subnet_id": "subnet-a963fbe1"
                        },
                        "meta": {},
                        "tainted": false
                    },
                    "deposed": [],
                    "provider": "provider.aws"
                },
                "aws_route_table_association.private-subnet.1": {
                    "type": "aws_route_table_association",
                    "depends_on": [
                        "aws_route_table.private-subnet.*"
                    ],
                    "primary": {
                        "id": "rtbassoc-f96fad82",
                        "attributes": {
                            "id": "rtbassoc-f96fad82",
                            "route_table_id": "rtb-b24207cb",
                            "subnet_id": "subnet-690cc633"
                        },
                        "meta": {},
                        "tainted": false
                    },
                    "deposed": [],
                    "provider": "provider.aws"
                }
            },
            "depends_on": []
        },
        {
            "path": [
                "root",
                "public-subnets"
            ],
            "outputs": {
                "subnet_ids": {
                    "sensitive": false,
                    "type": "list",
                    "value": [
                        "subnet-8f1c84c7",
                        "subnet-e006ccba"
                    ]
                }
            },
            "resources": {
                "aws_subnet.aws-subnets.0": {
                    "type": "aws_subnet",
                    "depends_on": [],
                    "primary": {
                        "id": "subnet-8f1c84c7",
                        "attributes": {
                            "assign_ipv6_address_on_creation": "false",
                            "availability_zone": "eu-west-1a",
                            "cidr_block": "10.0.0.0/20",
                            "id": "subnet-8f1c84c7",
                            "map_public_ip_on_launch": "true",
                            "tags.%": "3",
                            "tags.Name": "jyoti-bhanot-public-subnet-0",
                            "tags.Network": "public",
                            "tags.sre_candidate": "jyoti-bhanot",
                            "vpc_id": "vpc-a20c51c4"
                        },
                        "meta": {
                            "schema_version": "1"
                        },
                        "tainted": false
                    },
                    "deposed": [],
                    "provider": "provider.aws"
                },
                "aws_subnet.aws-subnets.1": {
                    "type": "aws_subnet",
                    "depends_on": [],
                    "primary": {
                        "id": "subnet-e006ccba",
                        "attributes": {
                            "assign_ipv6_address_on_creation": "false",
                            "availability_zone": "eu-west-1b",
                            "cidr_block": "10.0.16.0/20",
                            "id": "subnet-e006ccba",
                            "map_public_ip_on_launch": "true",
                            "tags.%": "3",
                            "tags.Name": "jyoti-bhanot-public-subnet-1",
                            "tags.Network": "public",
                            "tags.sre_candidate": "jyoti-bhanot",
                            "vpc_id": "vpc-a20c51c4"
                        },
                        "meta": {
                            "schema_version": "1"
                        },
                        "tainted": false
                    },
                    "deposed": [],
                    "provider": "provider.aws"
                }
            },
            "depends_on": []
        },
        {
            "path": [
                "root",
                "public-subnets-rt"
            ],
            "outputs": {
                "public_subnets_rt_id": {
                    "sensitive": false,
                    "type": "string",
                    "value": "rtb-ea430693"
                }
            },
            "resources": {
                "aws_route_table.public-subnet": {
                    "type": "aws_route_table",
                    "depends_on": [],
                    "primary": {
                        "id": "rtb-ea430693",
                        "attributes": {
                            "id": "rtb-ea430693",
                            "propagating_vgws.#": "0",
                            "route.#": "1",
                            "route.2750588570.cidr_block": "0.0.0.0/0",
                            "route.2750588570.egress_only_gateway_id": "",
                            "route.2750588570.gateway_id": "igw-6ee5ae09",
                            "route.2750588570.instance_id": "",
                            "route.2750588570.ipv6_cidr_block": "",
                            "route.2750588570.nat_gateway_id": "",
                            "route.2750588570.network_interface_id": "",
                            "route.2750588570.vpc_peering_connection_id": "",
                            "tags.%": "2",
                            "tags.Name": "jyoti-bhanot-public-subnet-route-table",
                            "tags.sre_candidate": "jyoti-bhanot",
                            "vpc_id": "vpc-a20c51c4"
                        },
                        "meta": {},
                        "tainted": false
                    },
                    "deposed": [],
                    "provider": "provider.aws"
                },
                "aws_route_table_association.public-subnet.0": {
                    "type": "aws_route_table_association",
                    "depends_on": [
                        "aws_route_table.public-subnet"
                    ],
                    "primary": {
                        "id": "rtbassoc-406cae3b",
                        "attributes": {
                            "id": "rtbassoc-406cae3b",
                            "route_table_id": "rtb-ea430693",
                            "subnet_id": "subnet-8f1c84c7"
                        },
                        "meta": {},
                        "tainted": false
                    },
                    "deposed": [],
                    "provider": "provider.aws"
                },
                "aws_route_table_association.public-subnet.1": {
                    "type": "aws_route_table_association",
                    "depends_on": [
                        "aws_route_table.public-subnet"
                    ],
                    "primary": {
                        "id": "rtbassoc-d07ab8ab",
                        "attributes": {
                            "id": "rtbassoc-d07ab8ab",
                            "route_table_id": "rtb-ea430693",
                            "subnet_id": "subnet-e006ccba"
                        },
                        "meta": {},
                        "tainted": false
                    },
                    "deposed": [],
                    "provider": "provider.aws"
                }
            },
            "depends_on": []
        },
        {
            "path": [
                "root",
                "vpc"
            ],
            "outputs": {
                "igw_id": {
                    "sensitive": false,
                    "type": "string",
                    "value": "igw-6ee5ae09"
                },
                "vpc_cidr": {
                    "sensitive": false,
                    "type": "string",
                    "value": "10.0.0.0/16"
                },
                "vpc_id": {
                    "sensitive": false,
                    "type": "string",
                    "value": "vpc-a20c51c4"
                }
            },
            "resources": {
                "aws_internet_gateway.environment": {
                    "type": "aws_internet_gateway",
                    "depends_on": [
                        "aws_vpc.environment"
                    ],
                    "primary": {
                        "id": "igw-6ee5ae09",
                        "attributes": {
                            "id": "igw-6ee5ae09",
                            "tags.%": "2",
                            "tags.Name": "jyoti-bhanot-internet-gateway",
                            "tags.sre_candidate": "jyoti-bhanot",
                            "vpc_id": "vpc-a20c51c4"
                        },
                        "meta": {},
                        "tainted": false
                    },
                    "deposed": [],
                    "provider": "provider.aws"
                },
                "aws_vpc.environment": {
                    "type": "aws_vpc",
                    "depends_on": [],
                    "primary": {
                        "id": "vpc-a20c51c4",
                        "attributes": {
                            "assign_generated_ipv6_cidr_block": "false",
                            "cidr_block": "10.0.0.0/16",
                            "default_network_acl_id": "acl-359a4d4c",
                            "default_route_table_id": "rtb-e04e0b99",
                            "default_security_group_id": "sg-01e9407d",
                            "dhcp_options_id": "dopt-88cd96ed",
                            "enable_classiclink": "false",
                            "enable_classiclink_dns_support": "false",
                            "enable_dns_hostnames": "true",
                            "enable_dns_support": "true",
                            "id": "vpc-a20c51c4",
                            "instance_tenancy": "default",
                            "main_route_table_id": "rtb-e04e0b99",
                            "tags.%": "2",
                            "tags.Name": "VPC-jyoti-bhanot",
                            "tags.sre_candidate": "jyoti-bhanot"
                        },
                        "meta": {
                            "schema_version": "1"
                        },
                        "tainted": false
                    },
                    "deposed": [],
                    "provider": "provider.aws"
                },
                "aws_vpc_dhcp_options.environment": {
                    "type": "aws_vpc_dhcp_options",
                    "depends_on": [],
                    "primary": {
                        "id": "dopt-7739b411",
                        "attributes": {
                            "domain_name": "eu-west-1.compute.internal jyoti-bhanot consul",
                            "domain_name_servers.#": "2",
                            "domain_name_servers.0": "169.254.169.253",
                            "domain_name_servers.1": "AmazonProvidedDNS",
                            "id": "dopt-7739b411",
                            "tags.%": "2",
                            "tags.Name": "jyoti-bhanot-dhcp-options",
                            "tags.sre_candidate": "jyoti-bhanot"
                        },
                        "meta": {},
                        "tainted": false
                    },
                    "deposed": [],
                    "provider": "provider.aws"
                },
                "aws_vpc_dhcp_options_association.environment": {
                    "type": "aws_vpc_dhcp_options_association",
                    "depends_on": [
                        "aws_vpc.environment",
                        "aws_vpc_dhcp_options.environment"
                    ],
                    "primary": {
                        "id": "dopt-7739b411-vpc-a20c51c4",
                        "attributes": {
                            "dhcp_options_id": "dopt-7739b411",
                            "id": "dopt-7739b411-vpc-a20c51c4",
                            "vpc_id": "vpc-a20c51c4"
                        },
                        "meta": {},
                        "tainted": false
                    },
                    "deposed": [],
                    "provider": "provider.aws"
                }
            },
            "depends_on": []
        },
        {
            "path": [
                "root",
                "webserver"
            ],
            "outputs": {
                "webserver_instance_id": {
                    "sensitive": false,
                    "type": "string",
                    "value": "i-0b8088e7530a1da54"
                },
                "webserver_sg_id": {
                    "sensitive": false,
                    "type": "string",
                    "value": "sg-b613bdca"
                }
            },
            "resources": {
                "aws_instance.webserver": {
                    "type": "aws_instance",
                    "depends_on": [
                        "aws_security_group.webserver_sg"
                    ],
                    "primary": {
                        "id": "i-0b8088e7530a1da54",
                        "attributes": {
                            "ami": "ami-2a7d75c0",
                            "associate_public_ip_address": "false",
                            "availability_zone": "eu-west-1a",
                            "credit_specification.#": "1",
                            "credit_specification.0.cpu_credits": "standard",
                            "disable_api_termination": "false",
                            "ebs_block_device.#": "0",
                            "ebs_optimized": "false",
                            "ephemeral_block_device.#": "0",
                            "get_password_data": "false",
                            "iam_instance_profile": "",
                            "id": "i-0b8088e7530a1da54",
                            "instance_state": "running",
                            "instance_type": "t2.micro",
                            "ipv6_addresses.#": "0",
                            "key_name": "ec2key",
                            "monitoring": "false",
                            "network_interface.#": "0",
                            "network_interface_id": "eni-badf7b8d",
                            "password_data": "",
                            "placement_group": "",
                            "primary_network_interface_id": "eni-badf7b8d",
                            "private_dns": "ip-10-0-41-243.eu-west-1.compute.internal",
                            "private_ip": "10.0.41.243",
                            "public_dns": "",
                            "public_ip": "",
                            "root_block_device.#": "1",
                            "root_block_device.0.delete_on_termination": "true",
                            "root_block_device.0.iops": "100",
                            "root_block_device.0.volume_id": "vol-053426d42af6d79c3",
                            "root_block_device.0.volume_size": "8",
                            "root_block_device.0.volume_type": "gp2",
                            "security_groups.#": "0",
                            "source_dest_check": "true",
                            "subnet_id": "subnet-a963fbe1",
                            "tags.%": "2",
                            "tags.Name": "jyoti-bhanot-webserver",
                            "tags.sre_candidate": "jyoti-bhanot",
                            "tenancy": "default",
                            "user_data": "66176c2ca6bf7985c36c446eef1f921a394f3d3d",
                            "volume_tags.%": "0",
                            "vpc_security_group_ids.#": "1",
                            "vpc_security_group_ids.2525817805": "sg-b613bdca"
                        },
                        "meta": {
                            "e2bfb730-ecaa-11e6-8f88-34363bc7c4c0": {
                                "create": 600000000000,
                                "delete": 1200000000000,
                                "update": 600000000000
                            },
                            "schema_version": "1"
                        },
                        "tainted": false
                    },
                    "deposed": [],
                    "provider": "provider.aws"
                },
                "aws_security_group.webserver_sg": {
                    "type": "aws_security_group",
                    "depends_on": [],
                    "primary": {
                        "id": "sg-b613bdca",
                        "attributes": {
                            "arn": "arn:aws:ec2:eu-west-1:060948813048:security-group/sg-b613bdca",
                            "description": "Security Group for webserver",
                            "egress.#": "1",
                            "egress.482069346.cidr_blocks.#": "1",
                            "egress.482069346.cidr_blocks.0": "0.0.0.0/0",
                            "egress.482069346.description": "",
                            "egress.482069346.from_port": "0",
                            "egress.482069346.ipv6_cidr_blocks.#": "0",
                            "egress.482069346.prefix_list_ids.#": "0",
                            "egress.482069346.protocol": "-1",
                            "egress.482069346.security_groups.#": "0",
                            "egress.482069346.self": "false",
                            "egress.482069346.to_port": "0",
                            "id": "sg-b613bdca",
                            "ingress.#": "3",
                            "ingress.2309757880.cidr_blocks.#": "0",
                            "ingress.2309757880.description": "",
                            "ingress.2309757880.from_port": "22",
                            "ingress.2309757880.ipv6_cidr_blocks.#": "0",
                            "ingress.2309757880.protocol": "tcp",
                            "ingress.2309757880.security_groups.#": "1",
                            "ingress.2309757880.security_groups.736874600": "sg-5aea4326",
                            "ingress.2309757880.self": "false",
                            "ingress.2309757880.to_port": "22",
                            "ingress.3682582389.cidr_blocks.#": "0",
                            "ingress.3682582389.description": "",
                            "ingress.3682582389.from_port": "80",
                            "ingress.3682582389.ipv6_cidr_blocks.#": "0",
                            "ingress.3682582389.protocol": "tcp",
                            "ingress.3682582389.security_groups.#": "1",
                            "ingress.3682582389.security_groups.2094900196": "sg-ff17b983",
                            "ingress.3682582389.self": "false",
                            "ingress.3682582389.to_port": "80",
                            "ingress.931041203.cidr_blocks.#": "0",
                            "ingress.931041203.description": "",
                            "ingress.931041203.from_port": "443",
                            "ingress.931041203.ipv6_cidr_blocks.#": "0",
                            "ingress.931041203.protocol": "tcp",
                            "ingress.931041203.security_groups.#": "1",
                            "ingress.931041203.security_groups.2094900196": "sg-ff17b983",
                            "ingress.931041203.self": "false",
                            "ingress.931041203.to_port": "443",
                            "name": "webserver_sg",
                            "owner_id": "060948813048",
                            "revoke_rules_on_delete": "false",
                            "tags.%": "2",
                            "tags.Name": "jyoti-bhanot-webserver-security-group",
                            "tags.sre_candidate": "jyoti-bhanot",
                            "vpc_id": "vpc-a20c51c4"
                        },
                        "meta": {
                            "e2bfb730-ecaa-11e6-8f88-34363bc7c4c0": {
                                "create": 600000000000,
                                "delete": 600000000000
                            },
                            "schema_version": "1"
                        },
                        "tainted": false
                    },
                    "deposed": [],
                    "provider": "provider.aws"
                }
            },
            "depends_on": []
        }
    ]
}
